PODS:
  - Flutter (1.0.0)
  - fluttertoast (0.0.2):
    - Flutter
  - integration_test (0.0.1):
    - Flutter
  - revenue_cat_replica (0.0.1):
    - Flutter

DEPENDENCIES:
  - Flutter (from `Flutter`)
  - fluttertoast (from `.symlinks/plugins/fluttertoast/ios`)
  - integration_test (from `.symlinks/plugins/integration_test/ios`)
  - revenue_cat_replica (from `.symlinks/plugins/revenue_cat_replica/ios`)

EXTERNAL SOURCES:
  Flutter:
    :path: Flutter
  fluttertoast:
    :path: ".symlinks/plugins/fluttertoast/ios"
  integration_test:
    :path: ".symlinks/plugins/integration_test/ios"
  revenue_cat_replica:
    :path: ".symlinks/plugins/revenue_cat_replica/ios"

SPEC CHECKSUMS:
  Flutter: cabc95a1d2626b1b06e7179b784ebcf0c0cde467
  fluttertoast: 2c67e14dce98bbdb200df9e1acf610d7a6264ea1
  integration_test: 4a889634ef21a45d28d50d622cf412dc6d9f586e
  revenue_cat_replica: 815fc76d912fb4de753b8070c6602265c74e41d4

PODFILE CHECKSUM: 3c63482e143d1b91d2d2560aee9fb04ecc74ac7e

COCOAPODS: 1.16.2
